
Microsoft Visual Studio Solution File, Format Version 12.00
# Visual Studio Version 16
VisualStudioVersion = 16.0.32428.217
MinimumVisualStudioVersion = 10.0.40219.1
Project("{FAE04EC0-301F-11D3-BF4B-00C04F79EFBC}") = "Code Base 4", "Code Base 4\Code Base 4.csproj", "{9177DEF8-87E6-4D0A-8B1D-582AB372BF22}"
EndProject
Global
	GlobalSection(SolutionConfigurationPlatforms) = preSolution
		Debug|Any CPU = Debug|Any CPU
		Release|Any CPU = Release|Any CPU
	EndGlobalSection
	GlobalSection(ProjectConfigurationPlatforms) = postSolution
		{9177DEF8-87E6-4D0A-8B1D-582AB372BF22}.Debug|Any CPU.ActiveCfg = Debug|Any CPU
		{9177DEF8-87E6-4D0A-8B1D-582AB372BF22}.Debug|Any CPU.Build.0 = Debug|Any CPU
		{9177DEF8-87E6-4D0A-8B1D-582AB372BF22}.Release|Any CPU.ActiveCfg = Release|Any CPU
		{9177DEF8-87E6-4D0A-8B1D-582AB372BF22}.Release|Any CPU.Build.0 = Release|Any CPU
	EndGlobalSection
	GlobalSection(SolutionProperties) = preSolution
		HideSolutionNode = FALSE
	EndGlobalSection
	GlobalSection(ExtensibilityGlobals) = postSolution
		SolutionGuid = {4FB4D97E-8541-4044-B4E8-3EDE3CD91933}
	EndGlobalSection
EndGlobal
